
Microsoft Visual Studio Solution File, Format Version 12.00
# Visual Studio Version 16
VisualStudioVersion = 16.0.32228.343
MinimumVisualStudioVersion = 10.0.40219.1
Project("{FAE04EC0-301F-11D3-BF4B-00C04F79EFBC}") = "StoneAge.Core", "StoneAge.Core\StoneAge.Core.csproj", "{0A11A0EA-BCE3-4AE7-8700-47285EAD425D}"
EndProject
Project("{FAE04EC0-301F-11D3-BF4B-00C04F79EFBC}") = "StoneAge.Core.Tests", "StoneAge.Core.Tests\StoneAge.Core.Tests.csproj", "{C3E73B26-215F-4BD9-9A7A-823A0436BA8A}"
EndProject
Project("{FAE04EC0-301F-11D3-BF4B-00C04F79EFBC}") = "StoneAge.WinForms", "StoneAge.WinForms\StoneAge.WinForms.csproj", "{38D692A8-B17A-4286-9BC4-640FC629D118}"
EndProject
Project("{FAE04EC0-301F-11D3-BF4B-00C04F79EFBC}") = "StoneAge.Wpf", "StoneAge.Wpf\StoneAge.Wpf.csproj", "{367AF969-769D-430F-B2BC-ACE09AFB2A3C}"
EndProject
Global
	GlobalSection(SolutionConfigurationPlatforms) = preSolution
		Debug|Any CPU = Debug|Any CPU
		Debug|Mixed Platforms = Debug|Mixed Platforms
		Debug|x86 = Debug|x86
		Release|Any CPU = Release|Any CPU
		Release|Mixed Platforms = Release|Mixed Platforms
		Release|x86 = Release|x86
	EndGlobalSection
	GlobalSection(ProjectConfigurationPlatforms) = postSolution
		{0A11A0EA-BCE3-4AE7-8700-47285EAD425D}.Debug|Any CPU.ActiveCfg = Debug|Any CPU
		{0A11A0EA-BCE3-4AE7-8700-47285EAD425D}.Debug|Any CPU.Build.0 = Debug|Any CPU
		{0A11A0EA-BCE3-4AE7-8700-47285EAD425D}.Debug|Mixed Platforms.ActiveCfg = Debug|Any CPU
		{0A11A0EA-BCE3-4AE7-8700-47285EAD425D}.Debug|Mixed Platforms.Build.0 = Debug|Any CPU
		{0A11A0EA-BCE3-4AE7-8700-47285EAD425D}.Debug|x86.ActiveCfg = Debug|Any CPU
		{0A11A0EA-BCE3-4AE7-8700-47285EAD425D}.Release|Any CPU.ActiveCfg = Release|Any CPU
		{0A11A0EA-BCE3-4AE7-8700-47285EAD425D}.Release|Any CPU.Build.0 = Release|Any CPU
		{0A11A0EA-BCE3-4AE7-8700-47285EAD425D}.Release|Mixed Platforms.ActiveCfg = Release|Any CPU
		{0A11A0EA-BCE3-4AE7-8700-47285EAD425D}.Release|Mixed Platforms.Build.0 = Release|Any CPU
		{0A11A0EA-BCE3-4AE7-8700-47285EAD425D}.Release|x86.ActiveCfg = Release|Any CPU
		{C3E73B26-215F-4BD9-9A7A-823A0436BA8A}.Debug|Any CPU.ActiveCfg = Debug|Any CPU
		{C3E73B26-215F-4BD9-9A7A-823A0436BA8A}.Debug|Any CPU.Build.0 = Debug|Any CPU
		{C3E73B26-215F-4BD9-9A7A-823A0436BA8A}.Debug|Mixed Platforms.ActiveCfg = Debug|Any CPU
		{C3E73B26-215F-4BD9-9A7A-823A0436BA8A}.Debug|Mixed Platforms.Build.0 = Debug|Any CPU
		{C3E73B26-215F-4BD9-9A7A-823A0436BA8A}.Debug|x86.ActiveCfg = Debug|Any CPU
		{C3E73B26-215F-4BD9-9A7A-823A0436BA8A}.Release|Any CPU.ActiveCfg = Release|Any CPU
		{C3E73B26-215F-4BD9-9A7A-823A0436BA8A}.Release|Any CPU.Build.0 = Release|Any CPU
		{C3E73B26-215F-4BD9-9A7A-823A0436BA8A}.Release|Mixed Platforms.ActiveCfg = Release|Any CPU
		{C3E73B26-215F-4BD9-9A7A-823A0436BA8A}.Release|Mixed Platforms.Build.0 = Release|Any CPU
		{C3E73B26-215F-4BD9-9A7A-823A0436BA8A}.Release|x86.ActiveCfg = Release|Any CPU
		{38D692A8-B17A-4286-9BC4-640FC629D118}.Debug|Any CPU.ActiveCfg = Debug|x86
		{38D692A8-B17A-4286-9BC4-640FC629D118}.Debug|Mixed Platforms.ActiveCfg = Debug|x86
		{38D692A8-B17A-4286-9BC4-640FC629D118}.Debug|Mixed Platforms.Build.0 = Debug|x86
		{38D692A8-B17A-4286-9BC4-640FC629D118}.Debug|x86.ActiveCfg = Debug|x86
		{38D692A8-B17A-4286-9BC4-640FC629D118}.Debug|x86.Build.0 = Debug|x86
		{38D692A8-B17A-4286-9BC4-640FC629D118}.Release|Any CPU.ActiveCfg = Release|x86
		{38D692A8-B17A-4286-9BC4-640FC629D118}.Release|Mixed Platforms.ActiveCfg = Release|x86
		{38D692A8-B17A-4286-9BC4-640FC629D118}.Release|Mixed Platforms.Build.0 = Release|x86
		{38D692A8-B17A-4286-9BC4-640FC629D118}.Release|x86.ActiveCfg = Release|x86
		{38D692A8-B17A-4286-9BC4-640FC629D118}.Release|x86.Build.0 = Release|x86
		{367AF969-769D-430F-B2BC-ACE09AFB2A3C}.Debug|Any CPU.ActiveCfg = Debug|Any CPU
		{367AF969-769D-430F-B2BC-ACE09AFB2A3C}.Debug|Any CPU.Build.0 = Debug|Any CPU
		{367AF969-769D-430F-B2BC-ACE09AFB2A3C}.Debug|Mixed Platforms.ActiveCfg = Debug|Any CPU
		{367AF969-769D-430F-B2BC-ACE09AFB2A3C}.Debug|Mixed Platforms.Build.0 = Debug|Any CPU
		{367AF969-769D-430F-B2BC-ACE09AFB2A3C}.Debug|x86.ActiveCfg = Debug|Any CPU
		{367AF969-769D-430F-B2BC-ACE09AFB2A3C}.Release|Any CPU.ActiveCfg = Release|Any CPU
		{367AF969-769D-430F-B2BC-ACE09AFB2A3C}.Release|Any CPU.Build.0 = Release|Any CPU
		{367AF969-769D-430F-B2BC-ACE09AFB2A3C}.Release|Mixed Platforms.ActiveCfg = Release|Any CPU
		{367AF969-769D-430F-B2BC-ACE09AFB2A3C}.Release|Mixed Platforms.Build.0 = Release|Any CPU
		{367AF969-769D-430F-B2BC-ACE09AFB2A3C}.Release|x86.ActiveCfg = Release|Any CPU
	EndGlobalSection
	GlobalSection(SolutionProperties) = preSolution
		HideSolutionNode = FALSE
	EndGlobalSection
	GlobalSection(ExtensibilityGlobals) = postSolution
		SolutionGuid = {5886E4E6-6460-476B-BE69-D5A039E4EDC8}
	EndGlobalSection
EndGlobal
