
Microsoft Visual Studio Solution File, Format Version 11.00
# Visual Studio 2010
Project("{FAE04EC0-301F-11D3-BF4B-00C04F79EFBC}") = "StoneAge.Core", "StoneAge.Core\StoneAge.Core.csproj", "{0A11A0EA-BCE3-4AE7-8700-47285EAD425D}"
EndProject
Global
	GlobalSection(SolutionConfigurationPlatforms) = preSolution
		Debug|Any CPU = Debug|Any CPU
		Release|Any CPU = Release|Any CPU
	EndGlobalSection
	GlobalSection(ProjectConfigurationPlatforms) = postSolution
		{0A11A0EA-BCE3-4AE7-8700-47285EAD425D}.Debug|Any CPU.ActiveCfg = Debug|Any CPU
		{0A11A0EA-BCE3-4AE7-8700-47285EAD425D}.Debug|Any CPU.Build.0 = Debug|Any CPU
		{0A11A0EA-BCE3-4AE7-8700-47285EAD425D}.Release|Any CPU.ActiveCfg = Release|Any CPU
		{0A11A0EA-BCE3-4AE7-8700-47285EAD425D}.Release|Any CPU.Build.0 = Release|Any CPU
	EndGlobalSection
	GlobalSection(SolutionProperties) = preSolution
		HideSolutionNode = FALSE
	EndGlobalSection
EndGlobal
